{
  "requires": true,
  "lockfileVersion": 1,
  "dependencies": {
    "prettier": {
      "version": "1.19.1",
      "resolved": "https://registry.npmjs.org/prettier/-/prettier-1.19.1.tgz",
      "integrity": "sha512-s7PoyDv/II1ObgQunCbB9PdLmUcBZcnWOcxDh7O0N/UwDEsHyqkW+Qh28jW+mVuCdx7gLB0BotYI1Y6uI9iyew==",
      "dev": true
    },
    "uikit": {
      "version": "3.3.0",
      "resolved": "https://registry.npmjs.org/uikit/-/uikit-3.3.0.tgz",
      "integrity": "sha512-NQ9fYX+ZCp6RC1ixEZWq59QFrs+PvmnquGia0p7wAb94FHE8baRkyLpURGQMQZsabWE4xgnL+tpKSG6DTAf35A=="
    }
  }
}
